
Microsoft Visual Studio Solution File, Format Version 12.00
# Visual Studio Version 17
VisualStudioVersion = 17.2.32505.173
MinimumVisualStudioVersion = 10.0.40219.1
Project("{FAE04EC0-301F-11D3-BF4B-00C04F79EFBC}") = "baipingDemo", "baipingDemo\baipingDemo.csproj", "{ED4A84F1-3D4A-42AD-BEEA-6642B3B0319B}"
EndProject
Project("{FAE04EC0-301F-11D3-BF4B-00C04F79EFBC}") = "baipingdemo2", "baipingdemo2\baipingdemo2.csproj", "{0C5AEB1A-EE44-4B3B-9C28-B71CF13F3C51}"
EndProject
Global
	GlobalSection(SolutionConfigurationPlatforms) = preSolution
		Debug|Any CPU = Debug|Any CPU
		Debug|x64 = Debug|x64
		Release|Any CPU = Release|Any CPU
		Release|x64 = Release|x64
	EndGlobalSection
	GlobalSection(ProjectConfigurationPlatforms) = postSolution
		{ED4A84F1-3D4A-42AD-BEEA-6642B3B0319B}.Debug|Any CPU.ActiveCfg = Debug|Any CPU
		{ED4A84F1-3D4A-42AD-BEEA-6642B3B0319B}.Debug|Any CPU.Build.0 = Debug|Any CPU
		{ED4A84F1-3D4A-42AD-BEEA-6642B3B0319B}.Debug|x64.ActiveCfg = Debug|x64
		{ED4A84F1-3D4A-42AD-BEEA-6642B3B0319B}.Debug|x64.Build.0 = Debug|x64
		{ED4A84F1-3D4A-42AD-BEEA-6642B3B0319B}.Release|Any CPU.ActiveCfg = Release|Any CPU
		{ED4A84F1-3D4A-42AD-BEEA-6642B3B0319B}.Release|Any CPU.Build.0 = Release|Any CPU
		{ED4A84F1-3D4A-42AD-BEEA-6642B3B0319B}.Release|x64.ActiveCfg = Release|x64
		{ED4A84F1-3D4A-42AD-BEEA-6642B3B0319B}.Release|x64.Build.0 = Release|x64
		{0C5AEB1A-EE44-4B3B-9C28-B71CF13F3C51}.Debug|Any CPU.ActiveCfg = Debug|Any CPU
		{0C5AEB1A-EE44-4B3B-9C28-B71CF13F3C51}.Debug|Any CPU.Build.0 = Debug|Any CPU
		{0C5AEB1A-EE44-4B3B-9C28-B71CF13F3C51}.Debug|x64.ActiveCfg = Debug|Any CPU
		{0C5AEB1A-EE44-4B3B-9C28-B71CF13F3C51}.Debug|x64.Build.0 = Debug|Any CPU
		{0C5AEB1A-EE44-4B3B-9C28-B71CF13F3C51}.Release|Any CPU.ActiveCfg = Release|Any CPU
		{0C5AEB1A-EE44-4B3B-9C28-B71CF13F3C51}.Release|Any CPU.Build.0 = Release|Any CPU
		{0C5AEB1A-EE44-4B3B-9C28-B71CF13F3C51}.Release|x64.ActiveCfg = Release|Any CPU
		{0C5AEB1A-EE44-4B3B-9C28-B71CF13F3C51}.Release|x64.Build.0 = Release|Any CPU
	EndGlobalSection
	GlobalSection(SolutionProperties) = preSolution
		HideSolutionNode = FALSE
	EndGlobalSection
	GlobalSection(ExtensibilityGlobals) = postSolution
		SolutionGuid = {FB40409D-0CEE-4FF3-A183-9FB44D39AA76}
	EndGlobalSection
EndGlobal
